// !$*UTF8*$!
{
	archiveVersion = 1;
	classes = {
	};
	objectVersion = 46;
	objects = {

/* Begin PBXBuildFile section */
		5505728F1B1323B100711257 /* retweet.png in Resources */ = {isa = PBXBuildFile; fileRef = 5505728E1B1323B100711257 /* retweet.png */; };
		550572911B1323B600711257 /* reply.png in Resources */ = {isa = PBXBuildFile; fileRef = 550572901B1323B600711257 /* reply.png */; };
		550572931B1323BB00711257 /* favorite.png in Resources */ = {isa = PBXBuildFile; fileRef = 550572921B1323BB00711257 /* favorite.png */; };
		550572951B1323E100711257 /* Twitter_logo_blue_48.png in Resources */ = {isa = PBXBuildFile; fileRef = 550572941B1323E100711257 /* Twitter_logo_blue_48.png */; };
		550572971B13290100711257 /* TweetDetailsViewController.swift in Sources */ = {isa = PBXBuildFile; fileRef = 550572961B13290100711257 /* TweetDetailsViewController.swift */; };
		55177EAE1B0AD1F000FF20BC /* AppDelegate.swift in Sources */ = {isa = PBXBuildFile; fileRef = 55177EAD1B0AD1F000FF20BC /* AppDelegate.swift */; };
		55177EB01B0AD1F000FF20BC /* LoginViewController.swift in Sources */ = {isa = PBXBuildFile; fileRef = 55177EAF1B0AD1F000FF20BC /* LoginViewController.swift */; };
		55177EB51B0AD1F000FF20BC /* Images.xcassets in Resources */ = {isa = PBXBuildFile; fileRef = 55177EB41B0AD1F000FF20BC /* Images.xcassets */; };
		55177EB81B0AD1F000FF20BC /* LaunchScreen.xib in Resources */ = {isa = PBXBuildFile; fileRef = 55177EB61B0AD1F000FF20BC /* LaunchScreen.xib */; };
		55177EC41B0AD1F000FF20BC /* TwitterTests.swift in Sources */ = {isa = PBXBuildFile; fileRef = 55177EC31B0AD1F000FF20BC /* TwitterTests.swift */; };
		552030A11B12A5B6000A11E6 /* User.swift in Sources */ = {isa = PBXBuildFile; fileRef = 552030A01B12A5B6000A11E6 /* User.swift */; };
		552030A31B12A5D6000A11E6 /* Tweet.swift in Sources */ = {isa = PBXBuildFile; fileRef = 552030A21B12A5D6000A11E6 /* Tweet.swift */; };
		5520DEED1B12B51A0095E2EE /* TweetsViewController.swift in Sources */ = {isa = PBXBuildFile; fileRef = 5520DEEC1B12B51A0095E2EE /* TweetsViewController.swift */; };
		554B47AF1B12F78C0011C56D /* TweetCell.swift in Sources */ = {isa = PBXBuildFile; fileRef = 554B47AE1B12F78C0011C56D /* TweetCell.swift */; };
		554E68CE1B1BA5D4008A39D2 /* ProfileViewController.swift in Sources */ = {isa = PBXBuildFile; fileRef = 554E68CD1B1BA5D4008A39D2 /* ProfileViewController.swift */; };
		554E68D01B1BD65B008A39D2 /* ContainerViewController.swift in Sources */ = {isa = PBXBuildFile; fileRef = 554E68CF1B1BD65B008A39D2 /* ContainerViewController.swift */; };
		55580E881B1C09E00086180A /* SidePanelViewController.swift in Sources */ = {isa = PBXBuildFile; fileRef = 55580E871B1C09E00086180A /* SidePanelViewController.swift */; };
		55580E8A1B1C2B950086180A /* Main.storyboard in Resources */ = {isa = PBXBuildFile; fileRef = 55580E891B1C2B950086180A /* Main.storyboard */; };
		55AF272C1B12EC5C007A737A /* ComposeTweetViewController.swift in Sources */ = {isa = PBXBuildFile; fileRef = 55AF272B1B12EC5C007A737A /* ComposeTweetViewController.swift */; };
		55C0FD121B128BB900E17125 /* TwitterClient.swift in Sources */ = {isa = PBXBuildFile; fileRef = 55C0FD111B128BB900E17125 /* TwitterClient.swift */; };
		82601A072739C9BC572B1A63 /* libPods-Twitter.a in Frameworks */ = {isa = PBXBuildFile; fileRef = BBD5B487AD671DF22ED30FB1 /* libPods-Twitter.a */; };
/* End PBXBuildFile section */

/* Begin PBXContainerItemProxy section */
		55177EBE1B0AD1F000FF20BC /* PBXContainerItemProxy */ = {
			isa = PBXContainerItemProxy;
			containerPortal = 55177EA01B0AD1F000FF20BC /* Project object */;
			proxyType = 1;
			remoteGlobalIDString = 55177EA71B0AD1F000FF20BC;
			remoteInfo = Twitter;
		};
/* End PBXContainerItemProxy section */

/* Begin PBXFileReference section */
		5505728E1B1323B100711257 /* retweet.png */ = {isa = PBXFileReference; lastKnownFileType = image.png; path = retweet.png; sourceTree = "<group>"; };
		550572901B1323B600711257 /* reply.png */ = {isa = PBXFileReference; lastKnownFileType = image.png; path = reply.png; sourceTree = "<group>"; };
		550572921B1323BB00711257 /* favorite.png */ = {isa = PBXFileReference; lastKnownFileType = image.png; path = favorite.png; sourceTree = "<group>"; };
		550572941B1323E100711257 /* Twitter_logo_blue_48.png */ = {isa = PBXFileReference; lastKnownFileType = image.png; path = Twitter_logo_blue_48.png; sourceTree = "<group>"; };
		550572961B13290100711257 /* TweetDetailsViewController.swift */ = {isa = PBXFileReference; fileEncoding = 4; lastKnownFileType = sourcecode.swift; path = TweetDetailsViewController.swift; sourceTree = "<group>"; };
		55177EA81B0AD1F000FF20BC /* Twitter.app */ = {isa = PBXFileReference; explicitFileType = wrapper.application; includeInIndex = 0; path = Twitter.app; sourceTree = BUILT_PRODUCTS_DIR; };
		55177EAC1B0AD1F000FF20BC /* Info.plist */ = {isa = PBXFileReference; lastKnownFileType = text.plist.xml; path = Info.plist; sourceTree = "<group>"; };
		55177EAD1B0AD1F000FF20BC /* AppDelegate.swift */ = {isa = PBXFileReference; lastKnownFileType = sourcecode.swift; path = AppDelegate.swift; sourceTree = "<group>"; };
		55177EAF1B0AD1F000FF20BC /* LoginViewController.swift */ = {isa = PBXFileReference; lastKnownFileType = sourcecode.swift; path = LoginViewController.swift; sourceTree = "<group>"; };
		55177EB41B0AD1F000FF20BC /* Images.xcassets */ = {isa = PBXFileReference; lastKnownFileType = folder.assetcatalog; path = Images.xcassets; sourceTree = "<group>"; };
		55177EB71B0AD1F000FF20BC /* Base */ = {isa = PBXFileReference; lastKnownFileType = file.xib; name = Base; path = Base.lproj/LaunchScreen.xib; sourceTree = "<group>"; };
		55177EBD1B0AD1F000FF20BC /* TwitterTests.xctest */ = {isa = PBXFileReference; explicitFileType = wrapper.cfbundle; includeInIndex = 0; path = TwitterTests.xctest; sourceTree = BUILT_PRODUCTS_DIR; };
		55177EC21B0AD1F000FF20BC /* Info.plist */ = {isa = PBXFileReference; lastKnownFileType = text.plist.xml; path = Info.plist; sourceTree = "<group>"; };
		55177EC31B0AD1F000FF20BC /* TwitterTests.swift */ = {isa = PBXFileReference; lastKnownFileType = sourcecode.swift; path = TwitterTests.swift; sourceTree = "<group>"; };
		552030A01B12A5B6000A11E6 /* User.swift */ = {isa = PBXFileReference; fileEncoding = 4; lastKnownFileType = sourcecode.swift; path = User.swift; sourceTree = "<group>"; };
		552030A21B12A5D6000A11E6 /* Tweet.swift */ = {isa = PBXFileReference; fileEncoding = 4; lastKnownFileType = sourcecode.swift; path = Tweet.swift; sourceTree = "<group>"; };
		5520DEEC1B12B51A0095E2EE /* TweetsViewController.swift */ = {isa = PBXFileReference; fileEncoding = 4; lastKnownFileType = sourcecode.swift; path = TweetsViewController.swift; sourceTree = "<group>"; };
		554B47AE1B12F78C0011C56D /* TweetCell.swift */ = {isa = PBXFileReference; fileEncoding = 4; lastKnownFileType = sourcecode.swift; path = TweetCell.swift; sourceTree = "<group>"; };
		554E68CD1B1BA5D4008A39D2 /* ProfileViewController.swift */ = {isa = PBXFileReference; fileEncoding = 4; lastKnownFileType = sourcecode.swift; path = ProfileViewController.swift; sourceTree = "<group>"; };
		554E68CF1B1BD65B008A39D2 /* ContainerViewController.swift */ = {isa = PBXFileReference; fileEncoding = 4; lastKnownFileType = sourcecode.swift; path = ContainerViewController.swift; sourceTree = "<group>"; };
		55580E871B1C09E00086180A /* SidePanelViewController.swift */ = {isa = PBXFileReference; fileEncoding = 4; lastKnownFileType = sourcecode.swift; path = SidePanelViewController.swift; sourceTree = "<group>"; };
		55580E891B1C2B950086180A /* Main.storyboard */ = {isa = PBXFileReference; fileEncoding = 4; lastKnownFileType = file.storyboard; path = Main.storyboard; sourceTree = "<group>"; };
		55AF272B1B12EC5C007A737A /* ComposeTweetViewController.swift */ = {isa = PBXFileReference; fileEncoding = 4; lastKnownFileType = sourcecode.swift; path = ComposeTweetViewController.swift; sourceTree = "<group>"; };
		55C0FD0D1B128B3100E17125 /* Twitter-Bridging-Header.h */ = {isa = PBXFileReference; lastKnownFileType = sourcecode.c.h; path = "Twitter-Bridging-Header.h"; sourceTree = "<group>"; };
		55C0FD111B128BB900E17125 /* TwitterClient.swift */ = {isa = PBXFileReference; fileEncoding = 4; lastKnownFileType = sourcecode.swift; path = TwitterClient.swift; sourceTree = "<group>"; };
		77F2955120FE2157EDE3E789 /* Pods-Twitter.debug.xcconfig */ = {isa = PBXFileReference; includeInIndex = 1; lastKnownFileType = text.xcconfig; name = "Pods-Twitter.debug.xcconfig"; path = "Pods/Target Support Files/Pods-Twitter/Pods-Twitter.debug.xcconfig"; sourceTree = "<group>"; };
		ABD128217A1888B4BF920E3B /* Pods-Twitter.release.xcconfig */ = {isa = PBXFileReference; includeInIndex = 1; lastKnownFileType = text.xcconfig; name = "Pods-Twitter.release.xcconfig"; path = "Pods/Target Support Files/Pods-Twitter/Pods-Twitter.release.xcconfig"; sourceTree = "<group>"; };
		BBD5B487AD671DF22ED30FB1 /* libPods-Twitter.a */ = {isa = PBXFileReference; explicitFileType = archive.ar; includeInIndex = 0; path = "libPods-Twitter.a"; sourceTree = BUILT_PRODUCTS_DIR; };
/* End PBXFileReference section */

/* Begin PBXFrameworksBuildPhase section */
		55177EA51B0AD1F000FF20BC /* Frameworks */ = {
			isa = PBXFrameworksBuildPhase;
			buildActionMask = 2147483647;
			files = (
				82601A072739C9BC572B1A63 /* libPods-Twitter.a in Frameworks */,
			);
			runOnlyForDeploymentPostprocessing = 0;
		};
		55177EBA1B0AD1F000FF20BC /* Frameworks */ = {
			isa = PBXFrameworksBuildPhase;
			buildActionMask = 2147483647;
			files = (
			);
			runOnlyForDeploymentPostprocessing = 0;
		};
/* End PBXFrameworksBuildPhase section */

/* Begin PBXGroup section */
		5505728C1B13239D00711257 /* Resources */ = {
			isa = PBXGroup;
			children = (
				5505728D1B1323A200711257 /* Images */,
			);
			name = Resources;
			sourceTree = "<group>";
		};
		5505728D1B1323A200711257 /* Images */ = {
			isa = PBXGroup;
			children = (
				550572901B1323B600711257 /* reply.png */,
				550572921B1323BB00711257 /* favorite.png */,
				550572941B1323E100711257 /* Twitter_logo_blue_48.png */,
				5505728E1B1323B100711257 /* retweet.png */,
			);
			name = Images;
			sourceTree = "<group>";
		};
		55177E9F1B0AD1F000FF20BC = {
			isa = PBXGroup;
			children = (
				55177EAA1B0AD1F000FF20BC /* Twitter */,
				55177EC01B0AD1F000FF20BC /* TwitterTests */,
				55177EA91B0AD1F000FF20BC /* Products */,
				707564281A766D763EA5056D /* Pods */,
				E468706B1231874423437097 /* Frameworks */,
			);
			sourceTree = "<group>";
		};
		55177EA91B0AD1F000FF20BC /* Products */ = {
			isa = PBXGroup;
			children = (
				55177EA81B0AD1F000FF20BC /* Twitter.app */,
				55177EBD1B0AD1F000FF20BC /* TwitterTests.xctest */,
			);
			name = Products;
			sourceTree = "<group>";
		};
		55177EAA1B0AD1F000FF20BC /* Twitter */ = {
			isa = PBXGroup;
			children = (
				5505728C1B13239D00711257 /* Resources */,
				55C0FD101B128B7200E17125 /* API */,
				5520309F1B12A564000A11E6 /* Models */,
				55C0FD131B128C5C00E17125 /* ViewControllers */,
				554B47AD1B12F7670011C56D /* Views */,
				55177EAD1B0AD1F000FF20BC /* AppDelegate.swift */,
				55177EB41B0AD1F000FF20BC /* Images.xcassets */,
				55177EB61B0AD1F000FF20BC /* LaunchScreen.xib */,
				55580E891B1C2B950086180A /* Main.storyboard */,
				55177EAB1B0AD1F000FF20BC /* Supporting Files */,
				55C0FD0D1B128B3100E17125 /* Twitter-Bridging-Header.h */,
			);
			path = Twitter;
			sourceTree = "<group>";
		};
		55177EAB1B0AD1F000FF20BC /* Supporting Files */ = {
			isa = PBXGroup;
			children = (
				55177EAC1B0AD1F000FF20BC /* Info.plist */,
			);
			name = "Supporting Files";
			sourceTree = "<group>";
		};
		55177EC01B0AD1F000FF20BC /* TwitterTests */ = {
			isa = PBXGroup;
			children = (
				55177EC31B0AD1F000FF20BC /* TwitterTests.swift */,
				55177EC11B0AD1F000FF20BC /* Supporting Files */,
			);
			path = TwitterTests;
			sourceTree = "<group>";
		};
		55177EC11B0AD1F000FF20BC /* Supporting Files */ = {
			isa = PBXGroup;
			children = (
				55177EC21B0AD1F000FF20BC /* Info.plist */,
			);
			name = "Supporting Files";
			sourceTree = "<group>";
		};
		5520309F1B12A564000A11E6 /* Models */ = {
			isa = PBXGroup;
			children = (
				552030A01B12A5B6000A11E6 /* User.swift */,
				552030A21B12A5D6000A11E6 /* Tweet.swift */,
			);
			name = Models;
			sourceTree = "<group>";
		};
		554B47AD1B12F7670011C56D /* Views */ = {
			isa = PBXGroup;
			children = (
				554B47AE1B12F78C0011C56D /* TweetCell.swift */,
			);
			name = Views;
			sourceTree = "<group>";
		};
		55C0FD101B128B7200E17125 /* API */ = {
			isa = PBXGroup;
			children = (
				55C0FD111B128BB900E17125 /* TwitterClient.swift */,
			);
			name = API;
			sourceTree = "<group>";
		};
		55C0FD131B128C5C00E17125 /* ViewControllers */ = {
			isa = PBXGroup;
			children = (
				55177EAF1B0AD1F000FF20BC /* LoginViewController.swift */,
				5520DEEC1B12B51A0095E2EE /* TweetsViewController.swift */,
				55AF272B1B12EC5C007A737A /* ComposeTweetViewController.swift */,
				550572961B13290100711257 /* TweetDetailsViewController.swift */,
				554E68CD1B1BA5D4008A39D2 /* ProfileViewController.swift */,
				554E68CF1B1BD65B008A39D2 /* ContainerViewController.swift */,
				55580E871B1C09E00086180A /* SidePanelViewController.swift */,
			);
			name = ViewControllers;
			sourceTree = "<group>";
		};
		707564281A766D763EA5056D /* Pods */ = {
			isa = PBXGroup;
			children = (
				77F2955120FE2157EDE3E789 /* Pods-Twitter.debug.xcconfig */,
				ABD128217A1888B4BF920E3B /* Pods-Twitter.release.xcconfig */,
			);
			name = Pods;
			sourceTree = "<group>";
		};
		E468706B1231874423437097 /* Frameworks */ = {
			isa = PBXGroup;
			children = (
				BBD5B487AD671DF22ED30FB1 /* libPods-Twitter.a */,
			);
			name = Frameworks;
			sourceTree = "<group>";
		};
/* End PBXGroup section */

/* Begin PBXNativeTarget section */
		55177EA71B0AD1F000FF20BC /* Twitter */ = {
			isa = PBXNativeTarget;
			buildConfigurationList = 55177EC71B0AD1F000FF20BC /* Build configuration list for PBXNativeTarget "Twitter" */;
			buildPhases = (
				5CD9EEC2F7A24426C2F2CCCB /* Check Pods Manifest.lock */,
				55177EA41B0AD1F000FF20BC /* Sources */,
				55177EA51B0AD1F000FF20BC /* Frameworks */,
				55177EA61B0AD1F000FF20BC /* Resources */,
				C59272ABB1AFCE2DBF3DF9C9 /* Copy Pods Resources */,
			);
			buildRules = (
			);
			dependencies = (
			);
			name = Twitter;
			productName = Twitter;
			productReference = 55177EA81B0AD1F000FF20BC /* Twitter.app */;
			productType = "com.apple.product-type.application";
		};
		55177EBC1B0AD1F000FF20BC /* TwitterTests */ = {
			isa = PBXNativeTarget;
			buildConfigurationList = 55177ECA1B0AD1F000FF20BC /* Build configuration list for PBXNativeTarget "TwitterTests" */;
			buildPhases = (
				55177EB91B0AD1F000FF20BC /* Sources */,
				55177EBA1B0AD1F000FF20BC /* Frameworks */,
				55177EBB1B0AD1F000FF20BC /* Resources */,
			);
			buildRules = (
			);
			dependencies = (
				55177EBF1B0AD1F000FF20BC /* PBXTargetDependency */,
			);
			name = TwitterTests;
			productName = TwitterTests;
			productReference = 55177EBD1B0AD1F000FF20BC /* TwitterTests.xctest */;
			productType = "com.apple.product-type.bundle.unit-test";
		};
/* End PBXNativeTarget section */

/* Begin PBXProject section */
		55177EA01B0AD1F000FF20BC /* Project object */ = {
			isa = PBXProject;
			attributes = {
				LastUpgradeCheck = 0630;
				ORGANIZATIONNAME = "David Kuchar";
				TargetAttributes = {
					55177EA71B0AD1F000FF20BC = {
						CreatedOnToolsVersion = 6.3.1;
					};
					55177EBC1B0AD1F000FF20BC = {
						CreatedOnToolsVersion = 6.3.1;
						TestTargetID = 55177EA71B0AD1F000FF20BC;
					};
				};
			};
			buildConfigurationList = 55177EA31B0AD1F000FF20BC /* Build configuration list for PBXProject "Twitter" */;
			compatibilityVersion = "Xcode 3.2";
			developmentRegion = English;
			hasScannedForEncodings = 0;
			knownRegions = (
				en,
				Base,
			);
			mainGroup = 55177E9F1B0AD1F000FF20BC;
			productRefGroup = 55177EA91B0AD1F000FF20BC /* Products */;
			projectDirPath = "";
			projectRoot = "";
			targets = (
				55177EA71B0AD1F000FF20BC /* Twitter */,
				55177EBC1B0AD1F000FF20BC /* TwitterTests */,
			);
		};
/* End PBXProject section */

/* Begin PBXResourcesBuildPhase section */
		55177EA61B0AD1F000FF20BC /* Resources */ = {
			isa = PBXResourcesBuildPhase;
			buildActionMask = 2147483647;
			files = (
				55580E8A1B1C2B950086180A /* Main.storyboard in Resources */,
				550572931B1323BB00711257 /* favorite.png in Resources */,
				550572911B1323B600711257 /* reply.png in Resources */,
				550572951B1323E100711257 /* Twitter_logo_blue_48.png in Resources */,
				55177EB81B0AD1F000FF20BC /* LaunchScreen.xib in Resources */,
				5505728F1B1323B100711257 /* retweet.png in Resources */,
				55177EB51B0AD1F000FF20BC /* Images.xcassets in Resources */,
			);
			runOnlyForDeploymentPostprocessing = 0;
		};
		55177EBB1B0AD1F000FF20BC /* Resources */ = {
			isa = PBXResourcesBuildPhase;
			buildActionMask = 2147483647;
			files = (
			);
			runOnlyForDeploymentPostprocessing = 0;
		};
/* End PBXResourcesBuildPhase section */

/* Begin PBXShellScriptBuildPhase section */
		5CD9EEC2F7A24426C2F2CCCB /* Check Pods Manifest.lock */ = {
			isa = PBXShellScriptBuildPhase;
			buildActionMask = 2147483647;
			files = (
			);
			inputPaths = (
			);
			name = "Check Pods Manifest.lock";
			outputPaths = (
			);
			runOnlyForDeploymentPostprocessing = 0;
			shellPath = /bin/sh;
			shellScript = "diff \"${PODS_ROOT}/../Podfile.lock\" \"${PODS_ROOT}/Manifest.lock\" > /dev/null\nif [[ $? != 0 ]] ; then\n    cat << EOM\nerror: The sandbox is not in sync with the Podfile.lock. Run 'pod install' or update your CocoaPods installation.\nEOM\n    exit 1\nfi\n";
			showEnvVarsInLog = 0;
		};
		C59272ABB1AFCE2DBF3DF9C9 /* Copy Pods Resources */ = {
			isa = PBXShellScriptBuildPhase;
			buildActionMask = 2147483647;
			files = (
			);
			inputPaths = (
			);
			name = "Copy Pods Resources";
			outputPaths = (
			);
			runOnlyForDeploymentPostprocessing = 0;
			shellPath = /bin/sh;
			shellScript = "\"${SRCROOT}/Pods/Target Support Files/Pods-Twitter/Pods-Twitter-resources.sh\"\n";
			showEnvVarsInLog = 0;
		};
/* End PBXShellScriptBuildPhase section */

/* Begin PBXSourcesBuildPhase section */
		55177EA41B0AD1F000FF20BC /* Sources */ = {
			isa = PBXSourcesBuildPhase;
			buildActionMask = 2147483647;
			files = (
				55580E881B1C09E00086180A /* SidePanelViewController.swift in Sources */,
				552030A11B12A5B6000A11E6 /* User.swift in Sources */,
				552030A31B12A5D6000A11E6 /* Tweet.swift in Sources */,
				554E68CE1B1BA5D4008A39D2 /* ProfileViewController.swift in Sources */,
				554E68D01B1BD65B008A39D2 /* ContainerViewController.swift in Sources */,
				5520DEED1B12B51A0095E2EE /* TweetsViewController.swift in Sources */,
				554B47AF1B12F78C0011C56D /* TweetCell.swift in Sources */,
				550572971B13290100711257 /* TweetDetailsViewController.swift in Sources */,
				55177EB01B0AD1F000FF20BC /* LoginViewController.swift in Sources */,
				55AF272C1B12EC5C007A737A /* ComposeTweetViewController.swift in Sources */,
				55C0FD121B128BB900E17125 /* TwitterClient.swift in Sources */,
				55177EAE1B0AD1F000FF20BC /* AppDelegate.swift in Sources */,
			);
			runOnlyForDeploymentPostprocessing = 0;
		};
		55177EB91B0AD1F000FF20BC /* Sources */ = {
			isa = PBXSourcesBuildPhase;
			buildActionMask = 2147483647;
			files = (
				55177EC41B0AD1F000FF20BC /* TwitterTests.swift in Sources */,
			);
			runOnlyForDeploymentPostprocessing = 0;
		};
/* End PBXSourcesBuildPhase section */

/* Begin PBXTargetDependency section */
		55177EBF1B0AD1F000FF20BC /* PBXTargetDependency */ = {
			isa = PBXTargetDependency;
			target = 55177EA71B0AD1F000FF20BC /* Twitter */;
			targetProxy = 55177EBE1B0AD1F000FF20BC /* PBXContainerItemProxy */;
		};
/* End PBXTargetDependency section */

/* Begin PBXVariantGroup section */
		55177EB61B0AD1F000FF20BC /* LaunchScreen.xib */ = {
			isa = PBXVariantGroup;
			children = (
				55177EB71B0AD1F000FF20BC /* Base */,
			);
			name = LaunchScreen.xib;
			sourceTree = "<group>";
		};
/* End PBXVariantGroup section */

/* Begin XCBuildConfiguration section */
		55177EC51B0AD1F000FF20BC /* Debug */ = {
			isa = XCBuildConfiguration;
			buildSettings = {
				ALWAYS_SEARCH_USER_PATHS = NO;
				CLANG_CXX_LANGUAGE_STANDARD = "gnu++0x";
				CLANG_CXX_LIBRARY = "libc++";
				CLANG_ENABLE_MODULES = YES;
				CLANG_ENABLE_OBJC_ARC = YES;
				CLANG_WARN_BOOL_CONVERSION = YES;
				CLANG_WARN_CONSTANT_CONVERSION = YES;
				CLANG_WARN_DIRECT_OBJC_ISA_USAGE = YES_ERROR;
				CLANG_WARN_EMPTY_BODY = YES;
				CLANG_WARN_ENUM_CONVERSION = YES;
				CLANG_WARN_INT_CONVERSION = YES;
				CLANG_WARN_OBJC_ROOT_CLASS = YES_ERROR;
				CLANG_WARN_UNREACHABLE_CODE = YES;
				CLANG_WARN__DUPLICATE_METHOD_MATCH = YES;
				"CODE_SIGN_IDENTITY[sdk=iphoneos*]" = "iPhone Developer";
				COPY_PHASE_STRIP = NO;
				DEBUG_INFORMATION_FORMAT = "dwarf-with-dsym";
				ENABLE_STRICT_OBJC_MSGSEND = YES;
				GCC_C_LANGUAGE_STANDARD = gnu99;
				GCC_DYNAMIC_NO_PIC = NO;
				GCC_NO_COMMON_BLOCKS = YES;
				GCC_OPTIMIZATION_LEVEL = 0;
				GCC_PREPROCESSOR_DEFINITIONS = (
					"DEBUG=1",
					"$(inherited)",
				);
				GCC_SYMBOLS_PRIVATE_EXTERN = NO;
				GCC_WARN_64_TO_32_BIT_CONVERSION = YES;
				GCC_WARN_ABOUT_RETURN_TYPE = YES_ERROR;
				GCC_WARN_UNDECLARED_SELECTOR = YES;
				GCC_WARN_UNINITIALIZED_AUTOS = YES_AGGRESSIVE;
				GCC_WARN_UNUSED_FUNCTION = YES;
				GCC_WARN_UNUSED_VARIABLE = YES;
				IPHONEOS_DEPLOYMENT_TARGET = 8.3;
				MTL_ENABLE_DEBUG_INFO = YES;
				ONLY_ACTIVE_ARCH = YES;
				SDKROOT = iphoneos;
				SWIFT_OPTIMIZATION_LEVEL = "-Onone";
			};
			name = Debug;
		};
		55177EC61B0AD1F000FF20BC /* Release */ = {
			isa = XCBuildConfiguration;
			buildSettings = {
				ALWAYS_SEARCH_USER_PATHS = NO;
				CLANG_CXX_LANGUAGE_STANDARD = "gnu++0x";
				CLANG_CXX_LIBRARY = "libc++";
				CLANG_ENABLE_MODULES = YES;
				CLANG_ENABLE_OBJC_ARC = YES;
				CLANG_WARN_BOOL_CONVERSION = YES;
				CLANG_WARN_CONSTANT_CONVERSION = YES;
				CLANG_WARN_DIRECT_OBJC_ISA_USAGE = YES_ERROR;
				CLANG_WARN_EMPTY_BODY = YES;
				CLANG_WARN_ENUM_CONVERSION = YES;
				CLANG_WARN_INT_CONVERSION = YES;
				CLANG_WARN_OBJC_ROOT_CLASS = YES_ERROR;
				CLANG_WARN_UNREACHABLE_CODE = YES;
				CLANG_WARN__DUPLICATE_METHOD_MATCH = YES;
				"CODE_SIGN_IDENTITY[sdk=iphoneos*]" = "iPhone Developer";
				COPY_PHASE_STRIP = NO;
				DEBUG_INFORMATION_FORMAT = "dwarf-with-dsym";
				ENABLE_NS_ASSERTIONS = NO;
				ENABLE_STRICT_OBJC_MSGSEND = YES;
				GCC_C_LANGUAGE_STANDARD = gnu99;
				GCC_NO_COMMON_BLOCKS = YES;
				GCC_WARN_64_TO_32_BIT_CONVERSION = YES;
				GCC_WARN_ABOUT_RETURN_TYPE = YES_ERROR;
				GCC_WARN_UNDECLARED_SELECTOR = YES;
				GCC_WARN_UNINITIALIZED_AUTOS = YES_AGGRESSIVE;
				GCC_WARN_UNUSED_FUNCTION = YES;
				GCC_WARN_UNUSED_VARIABLE = YES;
				IPHONEOS_DEPLOYMENT_TARGET = 8.3;
				MTL_ENABLE_DEBUG_INFO = NO;
				SDKROOT = iphoneos;
				VALIDATE_PRODUCT = YES;
			};
			name = Release;
		};
		55177EC81B0AD1F000FF20BC /* Debug */ = {
			isa = XCBuildConfiguration;
			baseConfigurationReference = 77F2955120FE2157EDE3E789 /* Pods-Twitter.debug.xcconfig */;
			buildSettings = {
				ASSETCATALOG_COMPILER_APPICON_NAME = AppIcon;
				CLANG_ENABLE_MODULES = YES;
				INFOPLIST_FILE = Twitter/Info.plist;
				LD_RUNPATH_SEARCH_PATHS = "$(inherited) @executable_path/Frameworks";
				PRODUCT_NAME = "$(TARGET_NAME)";
				SWIFT_OBJC_BRIDGING_HEADER = "Twitter/Twitter-Bridging-Header.h";
				SWIFT_OPTIMIZATION_LEVEL = "-Onone";
			};
			name = Debug;
		};
		55177EC91B0AD1F000FF20BC /* Release */ = {
			isa = XCBuildConfiguration;
			baseConfigurationReference = ABD128217A1888B4BF920E3B /* Pods-Twitter.release.xcconfig */;
			buildSettings = {
				ASSETCATALOG_COMPILER_APPICON_NAME = AppIcon;
				CLANG_ENABLE_MODULES = YES;
				INFOPLIST_FILE = Twitter/Info.plist;
				LD_RUNPATH_SEARCH_PATHS = "$(inherited) @executable_path/Frameworks";
				PRODUCT_NAME = "$(TARGET_NAME)";
				SWIFT_OBJC_BRIDGING_HEADER = "Twitter/Twitter-Bridging-Header.h";
			};
			name = Release;
		};
		55177ECB1B0AD1F000FF20BC /* Debug */ = {
			isa = XCBuildConfiguration;
			buildSettings = {
				BUNDLE_LOADER = "$(TEST_HOST)";
				FRAMEWORK_SEARCH_PATHS = (
					"$(SDKROOT)/Developer/Library/Frameworks",
					"$(inherited)",
				);
				GCC_PREPROCESSOR_DEFINITIONS = (
					"DEBUG=1",
					"$(inherited)",
				);
				INFOPLIST_FILE = TwitterTests/Info.plist;
				LD_RUNPATH_SEARCH_PATHS = "$(inherited) @executable_path/Frameworks @loader_path/Frameworks";
				PRODUCT_NAME = "$(TARGET_NAME)";
				TEST_HOST = "$(BUILT_PRODUCTS_DIR)/Twitter.app/Twitter";
			};
			name = Debug;
		};
		55177ECC1B0AD1F000FF20BC /* Release */ = {
			isa = XCBuildConfiguration;
			buildSettings = {
				BUNDLE_LOADER = "$(TEST_HOST)";
				FRAMEWORK_SEARCH_PATHS = (
					"$(SDKROOT)/Developer/Library/Frameworks",
					"$(inherited)",
				);
				INFOPLIST_FILE = TwitterTests/Info.plist;
				LD_RUNPATH_SEARCH_PATHS = "$(inherited) @executable_path/Frameworks @loader_path/Frameworks";
				PRODUCT_NAME = "$(TARGET_NAME)";
				TEST_HOST = "$(BUILT_PRODUCTS_DIR)/Twitter.app/Twitter";
			};
			name = Release;
		};
/* End XCBuildConfiguration section */

/* Begin XCConfigurationList section */
		55177EA31B0AD1F000FF20BC /* Build configuration list for PBXProject "Twitter" */ = {
			isa = XCConfigurationList;
			buildConfigurations = (
				55177EC51B0AD1F000FF20BC /* Debug */,
				55177EC61B0AD1F000FF20BC /* Release */,
			);
			defaultConfigurationIsVisible = 0;
			defaultConfigurationName = Release;
		};
		55177EC71B0AD1F000FF20BC /* Build configuration list for PBXNativeTarget "Twitter" */ = {
			isa = XCConfigurationList;
			buildConfigurations = (
				55177EC81B0AD1F000FF20BC /* Debug */,
				55177EC91B0AD1F000FF20BC /* Release */,
			);
			defaultConfigurationIsVisible = 0;
			defaultConfigurationName = Release;
		};
		55177ECA1B0AD1F000FF20BC /* Build configuration list for PBXNativeTarget "TwitterTests" */ = {
			isa = XCConfigurationList;
			buildConfigurations = (
				55177ECB1B0AD1F000FF20BC /* Debug */,
				55177ECC1B0AD1F000FF20BC /* Release */,
			);
			defaultConfigurationIsVisible = 0;
			defaultConfigurationName = Release;
		};
/* End XCConfigurationList section */
	};
	rootObject = 55177EA01B0AD1F000FF20BC /* Project object */;
}
